
Microsoft Visual Studio Solution File, Format Version 11.00
# Visual Studio 2010
Project("{8BC9CEB8-8B4A-11D0-8D11-00A0C91BC942}") = "AES_Fin", "AES_Fin\AES_Fin.vcxproj", "{E2D04678-C645-4CB7-98F7-CE652B362BA5}"
EndProject
Global
	GlobalSection(SolutionConfigurationPlatforms) = preSolution
		Debug|Win32 = Debug|Win32
		Release|Win32 = Release|Win32
	EndGlobalSection
	GlobalSection(ProjectConfigurationPlatforms) = postSolution
		{E2D04678-C645-4CB7-98F7-CE652B362BA5}.Debug|Win32.ActiveCfg = Debug|Win32
		{E2D04678-C645-4CB7-98F7-CE652B362BA5}.Debug|Win32.Build.0 = Debug|Win32
		{E2D04678-C645-4CB7-98F7-CE652B362BA5}.Release|Win32.ActiveCfg = Release|Win32
		{E2D04678-C645-4CB7-98F7-CE652B362BA5}.Release|Win32.Build.0 = Release|Win32
	EndGlobalSection
	GlobalSection(SolutionProperties) = preSolution
		HideSolutionNode = FALSE
	EndGlobalSection
EndGlobal
